
Microsoft Visual Studio Solution File, Format Version 12.00
# Visual Studio 15
VisualStudioVersion = 15.0.28307.1231
MinimumVisualStudioVersion = 10.0.40219.1
Project("{8BC9CEB8-8B4A-11D0-8D11-00A0C91BC942}") = "BMPFileCompress", "BMPFileCompress\BMPFileCompress.vcxproj", "{32A87756-78A7-450A-965E-BD86923F3B94}"
EndProject
Global
	GlobalSection(SolutionConfigurationPlatforms) = preSolution
		Debug|x64 = Debug|x64
		Debug|x86 = Debug|x86
		Release|x64 = Release|x64
		Release|x86 = Release|x86
	EndGlobalSection
	GlobalSection(ProjectConfigurationPlatforms) = postSolution
		{32A87756-78A7-450A-965E-BD86923F3B94}.Debug|x64.ActiveCfg = Debug|x64
		{32A87756-78A7-450A-965E-BD86923F3B94}.Debug|x64.Build.0 = Debug|x64
		{32A87756-78A7-450A-965E-BD86923F3B94}.Debug|x86.ActiveCfg = Debug|Win32
		{32A87756-78A7-450A-965E-BD86923F3B94}.Debug|x86.Build.0 = Debug|Win32
		{32A87756-78A7-450A-965E-BD86923F3B94}.Release|x64.ActiveCfg = Release|x64
		{32A87756-78A7-450A-965E-BD86923F3B94}.Release|x64.Build.0 = Release|x64
		{32A87756-78A7-450A-965E-BD86923F3B94}.Release|x86.ActiveCfg = Release|Win32
		{32A87756-78A7-450A-965E-BD86923F3B94}.Release|x86.Build.0 = Release|Win32
	EndGlobalSection
	GlobalSection(SolutionProperties) = preSolution
		HideSolutionNode = FALSE
	EndGlobalSection
	GlobalSection(ExtensibilityGlobals) = postSolution
		SolutionGuid = {F2215FF1-C0C6-49BA-A188-3E39E3210F3A}
	EndGlobalSection
EndGlobal
